#MicroXplorer Configuration settings - do not modify
Mcu.Family=STM32F4
RCC.PLLSourceVirtual=RCC_PLLSOURCE_HSE
ProjectManager.MainLocation=Core/Src
PC15-OSC32_OUT.Mode=LSE-External-Oscillator
ProjectManager.ProjectFileName=F411CE_RTOS_Simple_Tasks_SysView.ioc
RCC.CortexFreq_Value=100000000
FREERTOS.Tasks01=Task_A,24,128,Task_A_Main,Default,NULL,Dynamic,NULL,NULL;Task_B,24,128,Task_B_Main,Default,NULL,Dynamic,NULL,NULL;Task_C,24,128,Task_C_Main,Default,NULL,Dynamic,NULL,NULL
ProjectManager.KeepUserCode=true
Mcu.UserName=STM32F411CEUx
Mcu.PinsNb=11
ProjectManager.NoMain=false
PC13-ANTI_TAMP.GPIO_Label=LED_A
NVIC.SavedSvcallIrqHandlerGenerated=true
RCC.PLLCLKFreq_Value=100000000
RCC.PLLQCLKFreq_Value=50000000
ProjectManager.functionlistsort=1-MX_GPIO_Init-GPIO-false-HAL-true,2-SystemClock_Config-RCC-false-HAL-false
PH1\ -\ OSC_OUT.Mode=HSE-External-Oscillator
RCC.RTCFreq_Value=32000
ProjectManager.DefaultFWLocation=true
ProjectManager.DeletePrevious=true
RCC.APB1CLKDivider=RCC_HCLK_DIV2
PC14-OSC32_IN.Signal=RCC_OSC32_IN
PinOutPanel.RotationAngle=0
RCC.FamilyName=M
RCC.SYSCLKSource=RCC_SYSCLKSOURCE_PLLCLK
ProjectManager.StackSize=0x400
PA0-WKUP.GPIO_Label=BUTTON
PA0-WKUP.Signal=GPIO_Input
PA0-WKUP.Locked=true
VP_FREERTOS_VS_CMSIS_V2.Mode=CMSIS_V2
PA13.Signal=SYS_JTMS-SWDIO
RCC.FCLKCortexFreq_Value=100000000
NVIC.SVCall_IRQn=true\:0\:0\:false\:false\:false\:false\:false\:false
Mcu.IP2=RCC
Mcu.IP3=SYS
Mcu.IP0=FREERTOS
Mcu.IP1=NVIC
PH0\ -\ OSC_IN.Mode=HSE-External-Oscillator
Mcu.UserConstants=
PH0\ -\ OSC_IN.Signal=RCC_OSC_IN
ProjectManager.TargetToolchain=STM32CubeIDE
Mcu.ThirdPartyNb=0
RCC.HCLKFreq_Value=100000000
Mcu.IPNb=4
RCC.I2SClocksFreq_Value=150000000
ProjectManager.PreviousToolchain=
RCC.APB2TimFreq_Value=100000000
RCC.VcooutputI2S=150000000
RCC.VCOInputMFreq_Value=1562500
Mcu.Pin6=PA13
Mcu.Pin7=PA14
ProjectManager.RegisterCallBack=
Mcu.Pin8=PB3
Mcu.Pin9=VP_FREERTOS_VS_CMSIS_V2
FREERTOS.IPParameters=Tasks01,Timers01
PC15-OSC32_OUT.Signal=RCC_OSC32_OUT
RCC.AHBFreq_Value=100000000
Mcu.Pin0=PC13-ANTI_TAMP
Mcu.Pin1=PC14-OSC32_IN
GPIO.groupedBy=Group By Peripherals
Mcu.Pin2=PC15-OSC32_OUT
Mcu.Pin3=PH0 - OSC_IN
Mcu.Pin4=PH1 - OSC_OUT
PA0-WKUP.GPIOParameters=GPIO_PuPd,GPIO_Label
RCC.VCOI2SOutputFreq_Value=300000000
Mcu.Pin5=PA0-WKUP
ProjectManager.ProjectBuild=false
NVIC.TIM1_TRG_COM_TIM11_IRQn=true\:0\:0\:false\:false\:true\:false\:false\:true
RCC.HSE_VALUE=25000000
NVIC.UsageFault_IRQn=true\:0\:0\:false\:false\:true\:false\:false\:false
NVIC.DebugMonitor_IRQn=true\:0\:0\:false\:false\:true\:false\:false\:false
PH1\ -\ OSC_OUT.Signal=RCC_OSC_OUT
PB3.Mode=Trace_Asynchronous_SW
board=custom
PC13-ANTI_TAMP.Signal=GPIO_Output
RCC.VCOOutputFreq_Value=200000000
NVIC.SysTick_IRQn=true\:15\:0\:false\:false\:false\:true\:false\:true
PC13-ANTI_TAMP.Locked=true
ProjectManager.LastFirmware=true
VP_SYS_VS_tim11.Signal=SYS_VS_tim11
ProjectManager.FirmwarePackage=STM32Cube FW_F4 V1.26.1
MxDb.Version=DB.6.0.21
NVIC.SavedSystickIrqHandlerGenerated=true
RCC.APB2Freq_Value=100000000
ProjectManager.BackupPrevious=false
MxCube.Version=6.2.1
PC14-OSC32_IN.Mode=LSE-External-Oscillator
RCC.VCOInputFreq_Value=2083333.3333333333
PA14.Mode=Trace_Asynchronous_SW
File.Version=6
RCC.EthernetFreq_Value=100000000
NVIC.NonMaskableInt_IRQn=true\:0\:0\:false\:false\:true\:false\:false\:false
NVIC.PendSV_IRQn=true\:15\:0\:false\:false\:false\:true\:false\:false
PA13.Mode=Trace_Asynchronous_SW
ProjectManager.FreePins=false
RCC.IPParameters=48MHZClocksFreq_Value,AHBFreq_Value,APB1CLKDivider,APB1Freq_Value,APB1TimFreq_Value,APB2Freq_Value,APB2TimFreq_Value,CortexFreq_Value,EthernetFreq_Value,FCLKCortexFreq_Value,FamilyName,HCLKFreq_Value,HSE_VALUE,HSI_VALUE,I2SClocksFreq_Value,LSI_VALUE,PLLCLKFreq_Value,PLLM,PLLN,PLLQCLKFreq_Value,PLLSourceVirtual,RTCFreq_Value,RTCHSEDivFreq_Value,SYSCLKFreq_VALUE,SYSCLKSource,VCOI2SOutputFreq_Value,VCOInputFreq_Value,VCOInputMFreq_Value,VCOOutputFreq_Value,VcooutputI2S
ProjectManager.AskForMigrate=true
Mcu.Name=STM32F411C(C-E)Ux
VP_SYS_VS_tim11.Mode=TIM11
ProjectManager.HalAssertFull=false
NVIC.SavedPendsvIrqHandlerGenerated=true
RCC.RTCHSEDivFreq_Value=12500000
ProjectManager.ProjectName=F411CE_RTOS_Simple_Tasks_SysView
ProjectManager.UnderRoot=true
VP_FREERTOS_VS_CMSIS_V2.Signal=FREERTOS_VS_CMSIS_V2
ProjectManager.CoupleFile=false
RCC.48MHZClocksFreq_Value=50000000
PB3.Signal=SYS_JTDO-SWO
RCC.SYSCLKFreq_VALUE=100000000
Mcu.Package=UFQFPN48
NVIC.TimeBase=TIM1_TRG_COM_TIM11_IRQn
NVIC.ForceEnableDMAVector=true
KeepUserPlacement=false
NVIC.MemoryManagement_IRQn=true\:0\:0\:false\:false\:true\:false\:false\:false
ProjectManager.CompilerOptimize=6
ProjectManager.ToolChainLocation=
RCC.LSI_VALUE=32000
NVIC.TimeBaseIP=TIM11
PA14.Signal=SYS_JTCK-SWCLK
ProjectManager.HeapSize=0x200
NVIC.HardFault_IRQn=true\:0\:0\:false\:false\:true\:false\:false\:false
ProjectManager.ComputerToolchain=false
FREERTOS.Timers01=Timer5s,Timer5sCallback,osTimerPeriodic,Default,NULL,Dynamic,NULL
RCC.HSI_VALUE=16000000
NVIC.PriorityGroup=NVIC_PRIORITYGROUP_4
RCC.PLLM=12
RCC.PLLN=96
Mcu.Pin10=VP_SYS_VS_tim11
RCC.APB1TimFreq_Value=100000000
PA0-WKUP.GPIO_PuPd=GPIO_PULLUP
NVIC.BusFault_IRQn=true\:0\:0\:false\:false\:true\:false\:false\:false
RCC.APB1Freq_Value=50000000
ProjectManager.CustomerFirmwarePackage=
ProjectManager.DeviceId=STM32F411CEUx
ProjectManager.LibraryCopy=1
PC13-ANTI_TAMP.GPIOParameters=GPIO_Label
isbadioc=false
