#MicroXplorer Configuration settings - do not modify
Mcu.Family=STM32F0
ProjectManager.MainLocation=Core/Src
RCC.I2SFreq_Value=48000000
RCC.MCOFreq_Value=48000000
Dma.SPI1_TX.0.MemInc=DMA_MINC_ENABLE
RCC.USART1Freq_Value=48000000
ProjectManager.ProjectFileName=F051R8_SPI_OLED_SH1106.ioc
Dma.SPI1_TX.0.PeriphInc=DMA_PINC_DISABLE
PA7.Mode=TX_Only_Simplex_Unidirect_Master
ProjectManager.KeepUserCode=true
Mcu.UserName=STM32F051R8Tx
Mcu.PinsNb=10
SPI1.VirtualType=VM_MASTER
PC9.GPIO_Label=LED
ProjectManager.NoMain=false
SPI1.IPParameters=VirtualType,Mode,Direction,BaudRatePrescaler,CalculateBaudRate,DataSize
RCC.PLLCLKFreq_Value=48000000
PA14.GPIO_Label=SWCLK
PC5.Locked=true
PA0.GPIO_Label=BUTTON
ProjectManager.functionlistsort=1-MX_GPIO_Init-GPIO-false-HAL-true,2-MX_DMA_Init-DMA-false-HAL-true,3-SystemClock_Config-RCC-false-HAL-false,4-MX_SPI1_Init-SPI1-false-HAL-true
PC8.Signal=GPIO_Output
PC4.Signal=GPIO_Output
SH.GPXTI0.ConfNb=1
PC9.Locked=true
ProjectManager.DefaultFWLocation=true
NVIC.SVC_IRQn=true\:0\:0\:false\:false\:true\:false\:false
ProjectManager.DeletePrevious=true
boardIOC=true
PinOutPanel.RotationAngle=0
RCC.FamilyName=M
RCC.SYSCLKSource=RCC_SYSCLKSOURCE_PLLCLK
ProjectManager.StackSize=0x400
PC8.GPIO_Label=STT
PA13.Signal=SYS_SWDIO
Mcu.IP4=SYS
RCC.FCLKCortexFreq_Value=48000000
Mcu.IP2=RCC
Mcu.IP3=SPI1
Mcu.IP0=DMA
Mcu.IP1=NVIC
Dma.SPI1_TX.0.RequestParameters=Instance,Direction,PeriphInc,MemInc,PeriphDataAlignment,MemDataAlignment,Mode,Priority
Mcu.UserConstants=
ProjectManager.TargetToolchain=STM32CubeIDE
Mcu.ThirdPartyNb=0
SPI1.Direction=SPI_DIRECTION_2LINES
Dma.SPI1_TX.0.PeriphDataAlignment=DMA_PDATAALIGN_BYTE
RCC.HCLKFreq_Value=48000000
Dma.SPI1_TX.0.Direction=DMA_MEMORY_TO_PERIPH
Mcu.IPNb=5
ProjectManager.PreviousToolchain=
PC5.GPIOParameters=GPIO_Label
SPI1.CalculateBaudRate=1.5 MBits/s
Mcu.Pin6=PC9
Mcu.Pin7=PA13
ProjectManager.RegisterCallBack=
Mcu.Pin8=PA14
Mcu.Pin9=VP_SYS_VS_Systick
RCC.AHBFreq_Value=48000000
Mcu.Pin0=PA0
Mcu.Pin1=PA5
Mcu.Pin2=PA7
Mcu.Pin3=PC4
Mcu.Pin4=PC5
Mcu.Pin5=PC8
PA5.Signal=SPI1_SCK
ProjectManager.ProjectBuild=false
PA0.Locked=true
board=STM32F0DISCOVERY
NVIC.SysTick_IRQn=true\:0\:0\:false\:false\:true\:true\:true
ProjectManager.LastFirmware=true
RCC.PLLMUL=RCC_PLL_MUL12
NVIC.SPI1_IRQn=true\:0\:0\:false\:false\:true\:true\:true
ProjectManager.FirmwarePackage=STM32Cube FW_F0 V1.11.2
MxDb.Version=DB.6.0.21
ProjectManager.BackupPrevious=false
MxCube.Version=6.2.1
PC4.GPIO_Label=OLED_RST
SPI1.Mode=SPI_MODE_MASTER
PA14.Mode=Serial_Wire
PA0.GPIO_ModeDefaultEXTI=GPIO_MODE_EVT_RISING
SPI1.DataSize=SPI_DATASIZE_8BIT
File.Version=6
VP_SYS_VS_Systick.Mode=SysTick
Dma.SPI1_TX.0.Instance=DMA1_Channel3
NVIC.NonMaskableInt_IRQn=true\:0\:0\:false\:false\:true\:false\:false
NVIC.PendSV_IRQn=true\:0\:0\:false\:false\:true\:false\:false
PA13.Mode=Serial_Wire
ProjectManager.FreePins=false
RCC.IPParameters=AHBFreq_Value,APB1Freq_Value,APB1TimFreq_Value,CECFreq_Value,FCLKCortexFreq_Value,FamilyName,HCLKFreq_Value,HSICECFreq_Value,I2SFreq_Value,MCOFreq_Value,PLLCLKFreq_Value,PLLMCOFreq_Value,PLLMUL,SYSCLKFreq_VALUE,SYSCLKSource,TimSysFreq_Value,USART1Freq_Value
PC9.GPIOParameters=GPIO_Label
ProjectManager.AskForMigrate=true
Mcu.Name=STM32F051R8Tx
Dma.RequestsNb=1
ProjectManager.HalAssertFull=false
PA13.GPIO_Label=SWDIO
ProjectManager.ProjectName=F051R8_SPI_OLED_SH1106
ProjectManager.UnderRoot=true
PA0.Signal=GPXTI0
RCC.HSICECFreq_Value=32786.88524590164
PA13.GPIOParameters=GPIO_Label
RCC.PLLMCOFreq_Value=24000000
ProjectManager.CoupleFile=false
Dma.SPI1_TX.0.Mode=DMA_NORMAL
PC8.GPIOParameters=GPIO_Label
RCC.SYSCLKFreq_VALUE=48000000
Mcu.Package=LQFP64
RCC.TimSysFreq_Value=48000000
NVIC.ForceEnableDMAVector=true
KeepUserPlacement=false
PC5.GPIO_Label=OLED_DC
PA14.GPIOParameters=GPIO_Label
PA14.Locked=true
PA13.Locked=true
ProjectManager.CompilerOptimize=6
ProjectManager.ToolChainLocation=
VP_SYS_VS_Systick.Signal=SYS_VS_Systick
SH.GPXTI0.0=GPIO_EXTI0
PA14.Signal=SYS_SWCLK
ProjectManager.HeapSize=0x200
Dma.SPI1_TX.0.Priority=DMA_PRIORITY_LOW
Dma.SPI1_TX.0.MemDataAlignment=DMA_MDATAALIGN_BYTE
PA0.GPIOParameters=GPIO_Label,GPIO_ModeDefaultEXTI
NVIC.HardFault_IRQn=true\:0\:0\:false\:false\:true\:false\:false
ProjectManager.ComputerToolchain=false
NVIC.DMA1_Channel2_3_IRQn=true\:0\:0\:false\:false\:true\:false\:true
RCC.CECFreq_Value=32786.88524590164
RCC.APB1TimFreq_Value=48000000
PC4.Locked=true
PC8.Locked=true
PC5.Signal=GPIO_Output
PC9.Signal=GPIO_Output
Dma.Request0=SPI1_TX
RCC.APB1Freq_Value=48000000
SPI1.BaudRatePrescaler=SPI_BAUDRATEPRESCALER_32
ProjectManager.CustomerFirmwarePackage=
PC4.GPIOParameters=GPIO_Label
ProjectManager.DeviceId=STM32F051R8Tx
ProjectManager.LibraryCopy=1
PA5.Mode=TX_Only_Simplex_Unidirect_Master
PA7.Signal=SPI1_MOSI
isbadioc=false
